
Microsoft Visual Studio Solution File, Format Version 12.00
# Visual Studio Version 16
VisualStudioVersion = 16.0.30204.135
MinimumVisualStudioVersion = 10.0.40219.1
Project("{9A19103F-16F7-4668-BE54-9A1E7A4F7556}") = "CostManagementAPI", "CostManagementAPI.csproj", "{50FFE9F5-E7D9-4DC8-8816-487856FAC291}"
EndProject
Global
	GlobalSection(SolutionConfigurationPlatforms) = preSolution
		Debug|Any CPU = Debug|Any CPU
		Release|Any CPU = Release|Any CPU
	EndGlobalSection
	GlobalSection(ProjectConfigurationPlatforms) = postSolution
		{50FFE9F5-E7D9-4DC8-8816-487856FAC291}.Debug|Any CPU.ActiveCfg = Debug|Any CPU
		{50FFE9F5-E7D9-4DC8-8816-487856FAC291}.Debug|Any CPU.Build.0 = Debug|Any CPU
		{50FFE9F5-E7D9-4DC8-8816-487856FAC291}.Release|Any CPU.ActiveCfg = Release|Any CPU
		{50FFE9F5-E7D9-4DC8-8816-487856FAC291}.Release|Any CPU.Build.0 = Release|Any CPU
	EndGlobalSection
	GlobalSection(SolutionProperties) = preSolution
		HideSolutionNode = FALSE
	EndGlobalSection
	GlobalSection(ExtensibilityGlobals) = postSolution
		SolutionGuid = {0E5F7C51-A5C0-4C55-8E0E-2E121FCCDAF0}
	EndGlobalSection
EndGlobal
